{
    "name": "titanium-unit-test-app-resources",
    "version": "1.0.0",
    "lockfileVersion": 1,
    "requires": true,
    "dependencies": {
        "abbrev": {
            "version": "file:fake_node_modules/abbrev",
            "integrity": "sha1-W2A1su6dT7XPhZ8Iqb6BsghJGEM="
        },
        "bar": {
            "version": "file:fake_node_modules/bar",
            "requires": {
                "baz": "2.0.0"
            },
            "dependencies": {
                "baz": {
                    "version": "2.0.0",
                    "bundled": true
                }
            }
        },
        "baz": {
            "version": "file:fake_node_modules/baz"
        },
        "foo": {
            "version": "file:fake_node_modules/foo"
        }
    }
}
